
Microsoft Visual Studio Solution File, Format Version 12.00
# Visual Studio Version 17
VisualStudioVersion = 17.5.33530.505
MinimumVisualStudioVersion = 10.0.40219.1
Project("{FAE04EC0-301F-11D3-BF4B-00C04F79EFBC}") = "IBSApplicationExercise1", "IBSApplicationExercise1\IBSApplicationExercise1.csproj", "{151A1AF3-2AF0-471C-BF59-FFFC8C5F5834}"
EndProject
Global
	GlobalSection(SolutionConfigurationPlatforms) = preSolution
		Debug|Any CPU = Debug|Any CPU
		Release|Any CPU = Release|Any CPU
	EndGlobalSection
	GlobalSection(ProjectConfigurationPlatforms) = postSolution
		{151A1AF3-2AF0-471C-BF59-FFFC8C5F5834}.Debug|Any CPU.ActiveCfg = Debug|Any CPU
		{151A1AF3-2AF0-471C-BF59-FFFC8C5F5834}.Debug|Any CPU.Build.0 = Debug|Any CPU
		{151A1AF3-2AF0-471C-BF59-FFFC8C5F5834}.Release|Any CPU.ActiveCfg = Release|Any CPU
		{151A1AF3-2AF0-471C-BF59-FFFC8C5F5834}.Release|Any CPU.Build.0 = Release|Any CPU
	EndGlobalSection
	GlobalSection(SolutionProperties) = preSolution
		HideSolutionNode = FALSE
	EndGlobalSection
	GlobalSection(ExtensibilityGlobals) = postSolution
		SolutionGuid = {3F20A952-23BF-429C-8D2A-1AC5ED57254E}
	EndGlobalSection
EndGlobal
